Microsoft Visual Studio Solution File, Format Version 12.00
# Visual Studio Version 17
VisualStudioVersion = 17.5.2.0
MinimumVisualStudioVersion = 10.0.40219.1
Project("{FAE04EC0-301F-11D3-BF4B-00C04F79EFBC}") = "NewFolder", "NewFolder.csproj", "{A9E0FAD0-E552-0749-92EE-3E767764D7B0}"
EndProject
Global
	GlobalSection(SolutionConfigurationPlatforms) = preSolution
		Debug|Any CPU = Debug|Any CPU
		Release|Any CPU = Release|Any CPU
	EndGlobalSection
	GlobalSection(ProjectConfigurationPlatforms) = postSolution
		{A9E0FAD0-E552-0749-92EE-3E767764D7B0}.Debug|Any CPU.ActiveCfg = Debug|Any CPU
		{A9E0FAD0-E552-0749-92EE-3E767764D7B0}.Debug|Any CPU.Build.0 = Debug|Any CPU
		{A9E0FAD0-E552-0749-92EE-3E767764D7B0}.Release|Any CPU.ActiveCfg = Release|Any CPU
		{A9E0FAD0-E552-0749-92EE-3E767764D7B0}.Release|Any CPU.Build.0 = Release|Any CPU
	EndGlobalSection
	GlobalSection(SolutionProperties) = preSolution
		HideSolutionNode = FALSE
	EndGlobalSection
	GlobalSection(ExtensibilityGlobals) = postSolution
		SolutionGuid = {5EC861E5-CBD2-46E1-B2CB-91BC1FE6D08A}
	EndGlobalSection
EndGlobal
